# @generated by Move, please check-in and do not edit manually.

[move]
version = 2
manifest_digest = "453334BA272E8652E97CC7B18CD9723BEBB8C29D542861A8CA53E32C7763DBE3"
deps_digest = "F8BBB0CCB2491CA29A3DF03D6F92277A4F3574266507ACD77214D37ECA3F3082"
dependencies = [
  { name = "Sui" },
]

[[move.package]]
name = "MoveStdlib"
source = { git = "https://github.com/MystenLabs/sui.git", rev = "framework/testnet", subdir = "crates/sui-framework/packages/move-stdlib" }

[[move.package]]
name = "Sui"
source = { git = "https://github.com/MystenLabs/sui.git", rev = "framework/testnet", subdir = "crates/sui-framework/packages/sui-framework" }

dependencies = [
  { name = "MoveStdlib" },
]

[move.toolchain-version]
compiler-version = "1.26.0"
edition = "2024.beta"
flavor = "sui"

[env]

[env.testnet]
chain-id = "4c78adac"
original-published-id = "0xa5e7b91c7c34385c05f64ea14500b6089dbee8034545b3d7f9bb1390b94ec20a"
latest-published-id = "0xa5e7b91c7c34385c05f64ea14500b6089dbee8034545b3d7f9bb1390b94ec20a"
published-version = "1"
